
Microsoft Visual Studio Solution File, Format Version 12.00
# Visual Studio Version 17
VisualStudioVersion = 17.9.34714.143
MinimumVisualStudioVersion = 10.0.40219.1
Project("{FAE04EC0-301F-11D3-BF4B-00C04F79EFBC}") = "TryAzure", "TryAzure.csproj", "{FEF2F3C7-7CE5-4705-9828-F9E07D78E235}"
EndProject
Global
	GlobalSection(SolutionConfigurationPlatforms) = preSolution
		Debug|Any CPU = Debug|Any CPU
		Release|Any CPU = Release|Any CPU
	EndGlobalSection
	GlobalSection(ProjectConfigurationPlatforms) = postSolution
		{FEF2F3C7-7CE5-4705-9828-F9E07D78E235}.Debug|Any CPU.ActiveCfg = Debug|Any CPU
		{FEF2F3C7-7CE5-4705-9828-F9E07D78E235}.Debug|Any CPU.Build.0 = Debug|Any CPU
		{FEF2F3C7-7CE5-4705-9828-F9E07D78E235}.Release|Any CPU.ActiveCfg = Release|Any CPU
		{FEF2F3C7-7CE5-4705-9828-F9E07D78E235}.Release|Any CPU.Build.0 = Release|Any CPU
	EndGlobalSection
	GlobalSection(SolutionProperties) = preSolution
		HideSolutionNode = FALSE
	EndGlobalSection
	GlobalSection(ExtensibilityGlobals) = postSolution
		SolutionGuid = {4CB16E08-8880-488A-8638-6EEECF0F5457}
	EndGlobalSection
EndGlobal
